// !$*UTF8*$!
{
	archiveVersion = 1;
	classes = {
	};
	objectVersion = 46;
	objects = {

/* Begin PBXBuildFile section */
		124F30BD1F51C91000854422 /* main.m in Sources */ = {isa = PBXBuildFile; fileRef = 124F30BC1F51C91000854422 /* main.m */; };
		124F30C01F51C91100854422 /* AppDelegate.m in Sources */ = {isa = PBXBuildFile; fileRef = 124F30BF1F51C91100854422 /* AppDelegate.m */; };
		124F30C31F51C91100854422 /* ViewController.m in Sources */ = {isa = PBXBuildFile; fileRef = 124F30C21F51C91100854422 /* ViewController.m */; };
		124F30C61F51C91200854422 /* Main.storyboard in Resources */ = {isa = PBXBuildFile; fileRef = 124F30C41F51C91200854422 /* Main.storyboard */; };
		124F30C91F51C91200854422 /* map.xcdatamodeld in Sources */ = {isa = PBXBuildFile; fileRef = 124F30C71F51C91200854422 /* map.xcdatamodeld */; };
		124F30CB1F51C91200854422 /* Assets.xcassets in Resources */ = {isa = PBXBuildFile; fileRef = 124F30CA1F51C91200854422 /* Assets.xcassets */; };
		124F30CE1F51C91300854422 /* LaunchScreen.storyboard in Resources */ = {isa = PBXBuildFile; fileRef = 124F30CC1F51C91300854422 /* LaunchScreen.storyboard */; };
		124F30D91F51C91300854422 /* mapUITests.m in Sources */ = {isa = PBXBuildFile; fileRef = 124F30D81F51C91300854422 /* mapUITests.m */; };
/* End PBXBuildFile section */

/* Begin PBXContainerItemProxy section */
		124F30D51F51C91300854422 /* PBXContainerItemProxy */ = {
			isa = PBXContainerItemProxy;
			containerPortal = 124F30B01F51C90F00854422 /* Project object */;
			proxyType = 1;
			remoteGlobalIDString = 124F30B71F51C91000854422;
			remoteInfo = map;
		};
/* End PBXContainerItemProxy section */

/* Begin PBXFileReference section */
		124F30B81F51C91000854422 /* map.app */ = {isa = PBXFileReference; explicitFileType = wrapper.application; includeInIndex = 0; path = map.app; sourceTree = BUILT_PRODUCTS_DIR; };
		124F30BC1F51C91000854422 /* main.m */ = {isa = PBXFileReference; lastKnownFileType = sourcecode.c.objc; path = main.m; sourceTree = "<group>"; };
		124F30BE1F51C91100854422 /* AppDelegate.h */ = {isa = PBXFileReference; lastKnownFileType = sourcecode.c.h; path = AppDelegate.h; sourceTree = "<group>"; };
		124F30BF1F51C91100854422 /* AppDelegate.m */ = {isa = PBXFileReference; lastKnownFileType = sourcecode.c.objc; path = AppDelegate.m; sourceTree = "<group>"; };
		124F30C11F51C91100854422 /* ViewController.h */ = {isa = PBXFileReference; lastKnownFileType = sourcecode.c.h; path = ViewController.h; sourceTree = "<group>"; };
		124F30C21F51C91100854422 /* ViewController.m */ = {isa = PBXFileReference; lastKnownFileType = sourcecode.c.objc; path = ViewController.m; sourceTree = "<group>"; };
		124F30C51F51C91200854422 /* Base */ = {isa = PBXFileReference; lastKnownFileType = file.storyboard; name = Base; path = Base.lproj/Main.storyboard; sourceTree = "<group>"; };
		124F30C81F51C91200854422 /* map.xcdatamodel */ = {isa = PBXFileReference; lastKnownFileType = wrapper.xcdatamodel; path = map.xcdatamodel; sourceTree = "<group>"; };
		124F30CA1F51C91200854422 /* Assets.xcassets */ = {isa = PBXFileReference; lastKnownFileType = folder.assetcatalog; path = Assets.xcassets; sourceTree = "<group>"; };
		124F30CD1F51C91300854422 /* Base */ = {isa = PBXFileReference; lastKnownFileType = file.storyboard; name = Base; path = Base.lproj/LaunchScreen.storyboard; sourceTree = "<group>"; };
		124F30CF1F51C91300854422 /* Info.plist */ = {isa = PBXFileReference; lastKnownFileType = text.plist.xml; path = Info.plist; sourceTree = "<group>"; };
		124F30D41F51C91300854422 /* mapUITests.xctest */ = {isa = PBXFileReference; explicitFileType = wrapper.cfbundle; includeInIndex = 0; path = mapUITests.xctest; sourceTree = BUILT_PRODUCTS_DIR; };
		124F30D81F51C91300854422 /* mapUITests.m */ = {isa = PBXFileReference; lastKnownFileType = sourcecode.c.objc; path = mapUITests.m; sourceTree = "<group>"; };
		124F30DA1F51C91300854422 /* Info.plist */ = {isa = PBXFileReference; lastKnownFileType = text.plist.xml; path = Info.plist; sourceTree = "<group>"; };
/* End PBXFileReference section */

/* Begin PBXFrameworksBuildPhase section */
		124F30B51F51C91000854422 /* Frameworks */ = {
			isa = PBXFrameworksBuildPhase;
			buildActionMask = 2147483647;
			files = (
			);
			runOnlyForDeploymentPostprocessing = 0;
		};
		124F30D11F51C91300854422 /* Frameworks */ = {
			isa = PBXFrameworksBuildPhase;
			buildActionMask = 2147483647;
			files = (
			);
			runOnlyForDeploymentPostprocessing = 0;
		};
/* End PBXFrameworksBuildPhase section */

/* Begin PBXGroup section */
		124F30AF1F51C90F00854422 = {
			isa = PBXGroup;
			children = (
				124F30BA1F51C91000854422 /* map */,
				124F30D71F51C91300854422 /* mapUITests */,
				124F30B91F51C91000854422 /* Products */,
			);
			sourceTree = "<group>";
		};
		124F30B91F51C91000854422 /* Products */ = {
			isa = PBXGroup;
			children = (
				124F30B81F51C91000854422 /* map.app */,
				124F30D41F51C91300854422 /* mapUITests.xctest */,
			);
			name = Products;
			sourceTree = "<group>";
		};
		124F30BA1F51C91000854422 /* map */ = {
			isa = PBXGroup;
			children = (
				124F30BE1F51C91100854422 /* AppDelegate.h */,
				124F30BF1F51C91100854422 /* AppDelegate.m */,
				124F30C11F51C91100854422 /* ViewController.h */,
				124F30C21F51C91100854422 /* ViewController.m */,
				124F30C41F51C91200854422 /* Main.storyboard */,
				124F30CA1F51C91200854422 /* Assets.xcassets */,
				124F30CC1F51C91300854422 /* LaunchScreen.storyboard */,
				124F30CF1F51C91300854422 /* Info.plist */,
				124F30C71F51C91200854422 /* map.xcdatamodeld */,
				124F30BB1F51C91000854422 /* Supporting Files */,
			);
			path = map;
			sourceTree = "<group>";
		};
		124F30BB1F51C91000854422 /* Supporting Files */ = {
			isa = PBXGroup;
			children = (
				124F30BC1F51C91000854422 /* main.m */,
			);
			name = "Supporting Files";
			sourceTree = "<group>";
		};
		124F30D71F51C91300854422 /* mapUITests */ = {
			isa = PBXGroup;
			children = (
				124F30D81F51C91300854422 /* mapUITests.m */,
				124F30DA1F51C91300854422 /* Info.plist */,
			);
			path = mapUITests;
			sourceTree = "<group>";
		};
/* End PBXGroup section */

/* Begin PBXNativeTarget section */
		124F30B71F51C91000854422 /* map */ = {
			isa = PBXNativeTarget;
			buildConfigurationList = 124F30DD1F51C91300854422 /* Build configuration list for PBXNativeTarget "map" */;
			buildPhases = (
				124F30B41F51C91000854422 /* Sources */,
				124F30B51F51C91000854422 /* Frameworks */,
				124F30B61F51C91000854422 /* Resources */,
			);
			buildRules = (
			);
			dependencies = (
			);
			name = map;
			productName = map;
			productReference = 124F30B81F51C91000854422 /* map.app */;
			productType = "com.apple.product-type.application";
		};
		124F30D31F51C91300854422 /* mapUITests */ = {
			isa = PBXNativeTarget;
			buildConfigurationList = 124F30E01F51C91300854422 /* Build configuration list for PBXNativeTarget "mapUITests" */;
			buildPhases = (
				124F30D01F51C91300854422 /* Sources */,
				124F30D11F51C91300854422 /* Frameworks */,
				124F30D21F51C91300854422 /* Resources */,
			);
			buildRules = (
			);
			dependencies = (
				124F30D61F51C91300854422 /* PBXTargetDependency */,
			);
			name = mapUITests;
			productName = mapUITests;
			productReference = 124F30D41F51C91300854422 /* mapUITests.xctest */;
			productType = "com.apple.product-type.bundle.ui-testing";
		};
/* End PBXNativeTarget section */

/* Begin PBXProject section */
		124F30B01F51C90F00854422 /* Project object */ = {
			isa = PBXProject;
			attributes = {
				LastUpgradeCheck = 0830;
				ORGANIZATIONNAME = wpzyc;
				TargetAttributes = {
					124F30B71F51C91000854422 = {
						CreatedOnToolsVersion = 8.3.1;
						ProvisioningStyle = Automatic;
						SystemCapabilities = {
							com.apple.BackgroundModes = {
								enabled = 1;
							};
						};
					};
					124F30D31F51C91300854422 = {
						CreatedOnToolsVersion = 8.3.1;
						ProvisioningStyle = Automatic;
						TestTargetID = 124F30B71F51C91000854422;
					};
				};
			};
			buildConfigurationList = 124F30B31F51C90F00854422 /* Build configuration list for PBXProject "map" */;
			compatibilityVersion = "Xcode 3.2";
			developmentRegion = English;
			hasScannedForEncodings = 0;
			knownRegions = (
				en,
				Base,
			);
			mainGroup = 124F30AF1F51C90F00854422;
			productRefGroup = 124F30B91F51C91000854422 /* Products */;
			projectDirPath = "";
			projectRoot = "";
			targets = (
				124F30B71F51C91000854422 /* map */,
				124F30D31F51C91300854422 /* mapUITests */,
			);
		};
/* End PBXProject section */

/* Begin PBXResourcesBuildPhase section */
		124F30B61F51C91000854422 /* Resources */ = {
			isa = PBXResourcesBuildPhase;
			buildActionMask = 2147483647;
			files = (
				124F30CE1F51C91300854422 /* LaunchScreen.storyboard in Resources */,
				124F30CB1F51C91200854422 /* Assets.xcassets in Resources */,
				124F30C61F51C91200854422 /* Main.storyboard in Resources */,
			);
			runOnlyForDeploymentPostprocessing = 0;
		};
		124F30D21F51C91300854422 /* Resources */ = {
			isa = PBXResourcesBuildPhase;
			buildActionMask = 2147483647;
			files = (
			);
			runOnlyForDeploymentPostprocessing = 0;
		};
/* End PBXResourcesBuildPhase section */

/* Begin PBXSourcesBuildPhase section */
		124F30B41F51C91000854422 /* Sources */ = {
			isa = PBXSourcesBuildPhase;
			buildActionMask = 2147483647;
			files = (
				124F30C31F51C91100854422 /* ViewController.m in Sources */,
				124F30C01F51C91100854422 /* AppDelegate.m in Sources */,
				124F30C91F51C91200854422 /* map.xcdatamodeld in Sources */,
				124F30BD1F51C91000854422 /* main.m in Sources */,
			);
			runOnlyForDeploymentPostprocessing = 0;
		};
		124F30D01F51C91300854422 /* Sources */ = {
			isa = PBXSourcesBuildPhase;
			buildActionMask = 2147483647;
			files = (
				124F30D91F51C91300854422 /* mapUITests.m in Sources */,
			);
			runOnlyForDeploymentPostprocessing = 0;
		};
/* End PBXSourcesBuildPhase section */

/* Begin PBXTargetDependency section */
		124F30D61F51C91300854422 /* PBXTargetDependency */ = {
			isa = PBXTargetDependency;
			target = 124F30B71F51C91000854422 /* map */;
			targetProxy = 124F30D51F51C91300854422 /* PBXContainerItemProxy */;
		};
/* End PBXTargetDependency section */

/* Begin PBXVariantGroup section */
		124F30C41F51C91200854422 /* Main.storyboard */ = {
			isa = PBXVariantGroup;
			children = (
				124F30C51F51C91200854422 /* Base */,
			);
			name = Main.storyboard;
			sourceTree = "<group>";
		};
		124F30CC1F51C91300854422 /* LaunchScreen.storyboard */ = {
			isa = PBXVariantGroup;
			children = (
				124F30CD1F51C91300854422 /* Base */,
			);
			name = LaunchScreen.storyboard;
			sourceTree = "<group>";
		};
/* End PBXVariantGroup section */

/* Begin XCBuildConfiguration section */
		124F30DB1F51C91300854422 /* Debug */ = {
			isa = XCBuildConfiguration;
			buildSettings = {
				ALWAYS_SEARCH_USER_PATHS = NO;
				CLANG_ANALYZER_NONNULL = YES;
				CLANG_ANALYZER_NUMBER_OBJECT_CONVERSION = YES_AGGRESSIVE;
				CLANG_CXX_LANGUAGE_STANDARD = "gnu++0x";
				CLANG_CXX_LIBRARY = "libc++";
				CLANG_ENABLE_MODULES = YES;
				CLANG_ENABLE_OBJC_ARC = YES;
				CLANG_WARN_BOOL_CONVERSION = YES;
				CLANG_WARN_CONSTANT_CONVERSION = YES;
				CLANG_WARN_DIRECT_OBJC_ISA_USAGE = YES_ERROR;
				CLANG_WARN_DOCUMENTATION_COMMENTS = YES;
				CLANG_WARN_EMPTY_BODY = YES;
				CLANG_WARN_ENUM_CONVERSION = YES;
				CLANG_WARN_INFINITE_RECURSION = YES;
				CLANG_WARN_INT_CONVERSION = YES;
				CLANG_WARN_OBJC_ROOT_CLASS = YES_ERROR;
				CLANG_WARN_SUSPICIOUS_MOVE = YES;
				CLANG_WARN_UNREACHABLE_CODE = YES;
				CLANG_WARN__DUPLICATE_METHOD_MATCH = YES;
				"CODE_SIGN_IDENTITY[sdk=iphoneos*]" = "iPhone Developer";
				COPY_PHASE_STRIP = NO;
				DEBUG_INFORMATION_FORMAT = dwarf;
				ENABLE_STRICT_OBJC_MSGSEND = YES;
				ENABLE_TESTABILITY = YES;
				GCC_C_LANGUAGE_STANDARD = gnu99;
				GCC_DYNAMIC_NO_PIC = NO;
				GCC_NO_COMMON_BLOCKS = YES;
				GCC_OPTIMIZATION_LEVEL = 0;
				GCC_PREPROCESSOR_DEFINITIONS = (
					"DEBUG=1",
					"$(inherited)",
				);
				GCC_WARN_64_TO_32_BIT_CONVERSION = YES;
				GCC_WARN_ABOUT_RETURN_TYPE = YES_ERROR;
				GCC_WARN_UNDECLARED_SELECTOR = YES;
				GCC_WARN_UNINITIALIZED_AUTOS = YES_AGGRESSIVE;
				GCC_WARN_UNUSED_FUNCTION = YES;
				GCC_WARN_UNUSED_VARIABLE = YES;
				IPHONEOS_DEPLOYMENT_TARGET = 8.3;
				MTL_ENABLE_DEBUG_INFO = YES;
				ONLY_ACTIVE_ARCH = YES;
				SDKROOT = iphoneos;
			};
			name = Debug;
		};
		124F30DC1F51C91300854422 /* Release */ = {
			isa = XCBuildConfiguration;
			buildSettings = {
				ALWAYS_SEARCH_USER_PATHS = NO;
				CLANG_ANALYZER_NONNULL = YES;
				CLANG_ANALYZER_NUMBER_OBJECT_CONVERSION = YES_AGGRESSIVE;
				CLANG_CXX_LANGUAGE_STANDARD = "gnu++0x";
				CLANG_CXX_LIBRARY = "libc++";
				CLANG_ENABLE_MODULES = YES;
				CLANG_ENABLE_OBJC_ARC = YES;
				CLANG_WARN_BOOL_CONVERSION = YES;
				CLANG_WARN_CONSTANT_CONVERSION = YES;
				CLANG_WARN_DIRECT_OBJC_ISA_USAGE = YES_ERROR;
				CLANG_WARN_DOCUMENTATION_COMMENTS = YES;
				CLANG_WARN_EMPTY_BODY = YES;
				CLANG_WARN_ENUM_CONVERSION = YES;
				CLANG_WARN_INFINITE_RECURSION = YES;
				CLANG_WARN_INT_CONVERSION = YES;
				CLANG_WARN_OBJC_ROOT_CLASS = YES_ERROR;
				CLANG_WARN_SUSPICIOUS_MOVE = YES;
				CLANG_WARN_UNREACHABLE_CODE = YES;
				CLANG_WARN__DUPLICATE_METHOD_MATCH = YES;
				"CODE_SIGN_IDENTITY[sdk=iphoneos*]" = "iPhone Developer";
				COPY_PHASE_STRIP = NO;
				DEBUG_INFORMATION_FORMAT = "dwarf-with-dsym";
				ENABLE_NS_ASSERTIONS = NO;
				ENABLE_STRICT_OBJC_MSGSEND = YES;
				GCC_C_LANGUAGE_STANDARD = gnu99;
				GCC_NO_COMMON_BLOCKS = YES;
				GCC_WARN_64_TO_32_BIT_CONVERSION = YES;
				GCC_WARN_ABOUT_RETURN_TYPE = YES_ERROR;
				GCC_WARN_UNDECLARED_SELECTOR = YES;
				GCC_WARN_UNINITIALIZED_AUTOS = YES_AGGRESSIVE;
				GCC_WARN_UNUSED_FUNCTION = YES;
				GCC_WARN_UNUSED_VARIABLE = YES;
				IPHONEOS_DEPLOYMENT_TARGET = 8.3;
				MTL_ENABLE_DEBUG_INFO = NO;
				SDKROOT = iphoneos;
				VALIDATE_PRODUCT = YES;
			};
			name = Release;
		};
		124F30DE1F51C91300854422 /* Debug */ = {
			isa = XCBuildConfiguration;
			buildSettings = {
				ASSETCATALOG_COMPILER_APPICON_NAME = AppIcon;
				INFOPLIST_FILE = map/Info.plist;
				LD_RUNPATH_SEARCH_PATHS = "$(inherited) @executable_path/Frameworks";
				PRODUCT_BUNDLE_IDENTIFIER = com.wpzyc.map;
				PRODUCT_NAME = "$(TARGET_NAME)";
			};
			name = Debug;
		};
		124F30DF1F51C91300854422 /* Release */ = {
			isa = XCBuildConfiguration;
			buildSettings = {
				ASSETCATALOG_COMPILER_APPICON_NAME = AppIcon;
				INFOPLIST_FILE = map/Info.plist;
				LD_RUNPATH_SEARCH_PATHS = "$(inherited) @executable_path/Frameworks";
				PRODUCT_BUNDLE_IDENTIFIER = com.wpzyc.map;
				PRODUCT_NAME = "$(TARGET_NAME)";
			};
			name = Release;
		};
		124F30E11F51C91300854422 /* Debug */ = {
			isa = XCBuildConfiguration;
			buildSettings = {
				INFOPLIST_FILE = mapUITests/Info.plist;
				LD_RUNPATH_SEARCH_PATHS = "$(inherited) @executable_path/Frameworks @loader_path/Frameworks";
				PRODUCT_BUNDLE_IDENTIFIER = com.wpzyc.mapUITests;
				PRODUCT_NAME = "$(TARGET_NAME)";
				TEST_TARGET_NAME = map;
			};
			name = Debug;
		};
		124F30E21F51C91300854422 /* Release */ = {
			isa = XCBuildConfiguration;
			buildSettings = {
				INFOPLIST_FILE = mapUITests/Info.plist;
				LD_RUNPATH_SEARCH_PATHS = "$(inherited) @executable_path/Frameworks @loader_path/Frameworks";
				PRODUCT_BUNDLE_IDENTIFIER = com.wpzyc.mapUITests;
				PRODUCT_NAME = "$(TARGET_NAME)";
				TEST_TARGET_NAME = map;
			};
			name = Release;
		};
/* End XCBuildConfiguration section */

/* Begin XCConfigurationList section */
		124F30B31F51C90F00854422 /* Build configuration list for PBXProject "map" */ = {
			isa = XCConfigurationList;
			buildConfigurations = (
				124F30DB1F51C91300854422 /* Debug */,
				124F30DC1F51C91300854422 /* Release */,
			);
			defaultConfigurationIsVisible = 0;
			defaultConfigurationName = Release;
		};
		124F30DD1F51C91300854422 /* Build configuration list for PBXNativeTarget "map" */ = {
			isa = XCConfigurationList;
			buildConfigurations = (
				124F30DE1F51C91300854422 /* Debug */,
				124F30DF1F51C91300854422 /* Release */,
			);
			defaultConfigurationIsVisible = 0;
			defaultConfigurationName = Release;
		};
		124F30E01F51C91300854422 /* Build configuration list for PBXNativeTarget "mapUITests" */ = {
			isa = XCConfigurationList;
			buildConfigurations = (
				124F30E11F51C91300854422 /* Debug */,
				124F30E21F51C91300854422 /* Release */,
			);
			defaultConfigurationIsVisible = 0;
			defaultConfigurationName = Release;
		};
/* End XCConfigurationList section */

/* Begin XCVersionGroup section */
		124F30C71F51C91200854422 /* map.xcdatamodeld */ = {
			isa = XCVersionGroup;
			children = (
				124F30C81F51C91200854422 /* map.xcdatamodel */,
			);
			currentVersion = 124F30C81F51C91200854422 /* map.xcdatamodel */;
			path = map.xcdatamodeld;
			sourceTree = "<group>";
			versionGroupType = wrapper.xcdatamodel;
		};
/* End XCVersionGroup section */
	};
	rootObject = 124F30B01F51C90F00854422 /* Project object */;
}
